// !$*UTF8*$!
{
	archiveVersion = 1;
	classes = {
	};
	objectVersion = 77;
	objects = {

/* Begin PBXBuildFile section */
		3062A3612E75A6EA00E9EC0B /* ComposableArchitecture in Frameworks */ = {isa = PBXBuildFile; productRef = 3062A3602E75A6EA00E9EC0B /* ComposableArchitecture */; };
		307176E02E7A141F008CE561 /* RemoteEventStore in Frameworks */ = {isa = PBXBuildFile; productRef = 307176DF2E7A141F008CE561 /* RemoteEventStore */; };
/* End PBXBuildFile section */

/* Begin PBXContainerItemProxy section */
		3062A3252E75A23D00E9EC0B /* PBXContainerItemProxy */ = {
			isa = PBXContainerItemProxy;
			containerPortal = 3062A30D2E75A23C00E9EC0B /* Project object */;
			proxyType = 1;
			remoteGlobalIDString = 3062A3142E75A23C00E9EC0B;
			remoteInfo = SportApp;
		};
		3062A32F2E75A23D00E9EC0B /* PBXContainerItemProxy */ = {
			isa = PBXContainerItemProxy;
			containerPortal = 3062A30D2E75A23C00E9EC0B /* Project object */;
			proxyType = 1;
			remoteGlobalIDString = 3062A3142E75A23C00E9EC0B;
			remoteInfo = SportApp;
		};
/* End PBXContainerItemProxy section */

/* Begin PBXFileReference section */
		3062A3152E75A23C00E9EC0B /* SportApp.app */ = {isa = PBXFileReference; explicitFileType = wrapper.application; includeInIndex = 0; path = SportApp.app; sourceTree = BUILT_PRODUCTS_DIR; };
		3062A3242E75A23D00E9EC0B /* SportAppTests.xctest */ = {isa = PBXFileReference; explicitFileType = wrapper.cfbundle; includeInIndex = 0; path = SportAppTests.xctest; sourceTree = BUILT_PRODUCTS_DIR; };
		3062A32E2E75A23D00E9EC0B /* SportAppUITests.xctest */ = {isa = PBXFileReference; explicitFileType = wrapper.cfbundle; includeInIndex = 0; path = SportAppUITests.xctest; sourceTree = BUILT_PRODUCTS_DIR; };
		307176DC2E7A12CC008CE561 /* SharedModels */ = {isa = PBXFileReference; lastKnownFileType = wrapper; path = SharedModels; sourceTree = "<group>"; };
		307176DE2E7A1303008CE561 /* RemoteEventStore */ = {isa = PBXFileReference; lastKnownFileType = wrapper; path = RemoteEventStore; sourceTree = "<group>"; };
/* End PBXFileReference section */

/* Begin PBXFileSystemSynchronizedRootGroup section */
		3062A3172E75A23C00E9EC0B /* SportApp */ = {
			isa = PBXFileSystemSynchronizedRootGroup;
			path = SportApp;
			sourceTree = "<group>";
		};
		3062A3272E75A23D00E9EC0B /* SportAppTests */ = {
			isa = PBXFileSystemSynchronizedRootGroup;
			path = SportAppTests;
			sourceTree = "<group>";
		};
		3062A3312E75A23D00E9EC0B /* SportAppUITests */ = {
			isa = PBXFileSystemSynchronizedRootGroup;
			path = SportAppUITests;
			sourceTree = "<group>";
		};
/* End PBXFileSystemSynchronizedRootGroup section */

/* Begin PBXFrameworksBuildPhase section */
		3062A3122E75A23C00E9EC0B /* Frameworks */ = {
			isa = PBXFrameworksBuildPhase;
			buildActionMask = 2147483647;
			files = (
				3062A3612E75A6EA00E9EC0B /* ComposableArchitecture in Frameworks */,
				307176E02E7A141F008CE561 /* RemoteEventStore in Frameworks */,
			);
			runOnlyForDeploymentPostprocessing = 0;
		};
		3062A3212E75A23D00E9EC0B /* Frameworks */ = {
			isa = PBXFrameworksBuildPhase;
			buildActionMask = 2147483647;
			files = (
			);
			runOnlyForDeploymentPostprocessing = 0;
		};
		3062A32B2E75A23D00E9EC0B /* Frameworks */ = {
			isa = PBXFrameworksBuildPhase;
			buildActionMask = 2147483647;
			files = (
			);
			runOnlyForDeploymentPostprocessing = 0;
		};
/* End PBXFrameworksBuildPhase section */

/* Begin PBXGroup section */
		3062A30C2E75A23C00E9EC0B = {
			isa = PBXGroup;
			children = (
				307176DE2E7A1303008CE561 /* RemoteEventStore */,
				307176DC2E7A12CC008CE561 /* SharedModels */,
				3062A3172E75A23C00E9EC0B /* SportApp */,
				3062A3272E75A23D00E9EC0B /* SportAppTests */,
				3062A3312E75A23D00E9EC0B /* SportAppUITests */,
				307176D32E7A1093008CE561 /* Frameworks */,
				3062A3162E75A23C00E9EC0B /* Products */,
			);
			sourceTree = "<group>";
		};
		3062A3162E75A23C00E9EC0B /* Products */ = {
			isa = PBXGroup;
			children = (
				3062A3152E75A23C00E9EC0B /* SportApp.app */,
				3062A3242E75A23D00E9EC0B /* SportAppTests.xctest */,
				3062A32E2E75A23D00E9EC0B /* SportAppUITests.xctest */,
			);
			name = Products;
			sourceTree = "<group>";
		};
		307176D32E7A1093008CE561 /* Frameworks */ = {
			isa = PBXGroup;
			children = (
			);
			name = Frameworks;
			sourceTree = "<group>";
		};
/* End PBXGroup section */

/* Begin PBXNativeTarget section */
		3062A3142E75A23C00E9EC0B /* SportApp */ = {
			isa = PBXNativeTarget;
			buildConfigurationList = 3062A3382E75A23D00E9EC0B /* Build configuration list for PBXNativeTarget "SportApp" */;
			buildPhases = (
				3062A3112E75A23C00E9EC0B /* Sources */,
				3062A3122E75A23C00E9EC0B /* Frameworks */,
				3062A3132E75A23C00E9EC0B /* Resources */,
			);
			buildRules = (
			);
			dependencies = (
			);
			fileSystemSynchronizedGroups = (
				3062A3172E75A23C00E9EC0B /* SportApp */,
			);
			name = SportApp;
			packageProductDependencies = (
				3062A3602E75A6EA00E9EC0B /* ComposableArchitecture */,
				307176DF2E7A141F008CE561 /* RemoteEventStore */,
			);
			productName = SportApp;
			productReference = 3062A3152E75A23C00E9EC0B /* SportApp.app */;
			productType = "com.apple.product-type.application";
		};
		3062A3232E75A23D00E9EC0B /* SportAppTests */ = {
			isa = PBXNativeTarget;
			buildConfigurationList = 3062A33B2E75A23D00E9EC0B /* Build configuration list for PBXNativeTarget "SportAppTests" */;
			buildPhases = (
				3062A3202E75A23D00E9EC0B /* Sources */,
				3062A3212E75A23D00E9EC0B /* Frameworks */,
				3062A3222E75A23D00E9EC0B /* Resources */,
			);
			buildRules = (
			);
			dependencies = (
				3062A3262E75A23D00E9EC0B /* PBXTargetDependency */,
			);
			fileSystemSynchronizedGroups = (
				3062A3272E75A23D00E9EC0B /* SportAppTests */,
			);
			name = SportAppTests;
			packageProductDependencies = (
			);
			productName = SportAppTests;
			productReference = 3062A3242E75A23D00E9EC0B /* SportAppTests.xctest */;
			productType = "com.apple.product-type.bundle.unit-test";
		};
		3062A32D2E75A23D00E9EC0B /* SportAppUITests */ = {
			isa = PBXNativeTarget;
			buildConfigurationList = 3062A33E2E75A23D00E9EC0B /* Build configuration list for PBXNativeTarget "SportAppUITests" */;
			buildPhases = (
				3062A32A2E75A23D00E9EC0B /* Sources */,
				3062A32B2E75A23D00E9EC0B /* Frameworks */,
				3062A32C2E75A23D00E9EC0B /* Resources */,
			);
			buildRules = (
			);
			dependencies = (
				3062A3302E75A23D00E9EC0B /* PBXTargetDependency */,
			);
			fileSystemSynchronizedGroups = (
				3062A3312E75A23D00E9EC0B /* SportAppUITests */,
			);
			name = SportAppUITests;
			packageProductDependencies = (
			);
			productName = SportAppUITests;
			productReference = 3062A32E2E75A23D00E9EC0B /* SportAppUITests.xctest */;
			productType = "com.apple.product-type.bundle.ui-testing";
		};
/* End PBXNativeTarget section */

/* Begin PBXProject section */
		3062A30D2E75A23C00E9EC0B /* Project object */ = {
			isa = PBXProject;
			attributes = {
				BuildIndependentTargetsInParallel = 1;
				LastSwiftUpdateCheck = 1640;
				LastUpgradeCheck = 1640;
				TargetAttributes = {
					3062A3142E75A23C00E9EC0B = {
						CreatedOnToolsVersion = 16.4;
					};
					3062A3232E75A23D00E9EC0B = {
						CreatedOnToolsVersion = 16.4;
						TestTargetID = 3062A3142E75A23C00E9EC0B;
					};
					3062A32D2E75A23D00E9EC0B = {
						CreatedOnToolsVersion = 16.4;
						TestTargetID = 3062A3142E75A23C00E9EC0B;
					};
				};
			};
			buildConfigurationList = 3062A3102E75A23C00E9EC0B /* Build configuration list for PBXProject "SportApp" */;
			developmentRegion = en;
			hasScannedForEncodings = 0;
			knownRegions = (
				en,
				Base,
			);
			mainGroup = 3062A30C2E75A23C00E9EC0B;
			minimizedProjectReferenceProxies = 1;
			packageReferences = (
				3062A35F2E75A6EA00E9EC0B /* XCRemoteSwiftPackageReference "swift-composable-architecture" */,
			);
			preferredProjectObjectVersion = 77;
			productRefGroup = 3062A3162E75A23C00E9EC0B /* Products */;
			projectDirPath = "";
			projectRoot = "";
			targets = (
				3062A3142E75A23C00E9EC0B /* SportApp */,
				3062A3232E75A23D00E9EC0B /* SportAppTests */,
				3062A32D2E75A23D00E9EC0B /* SportAppUITests */,
			);
		};
/* End PBXProject section */

/* Begin PBXResourcesBuildPhase section */
		3062A3132E75A23C00E9EC0B /* Resources */ = {
			isa = PBXResourcesBuildPhase;
			buildActionMask = 2147483647;
			files = (
			);
			runOnlyForDeploymentPostprocessing = 0;
		};
		3062A3222E75A23D00E9EC0B /* Resources */ = {
			isa = PBXResourcesBuildPhase;
			buildActionMask = 2147483647;
			files = (
			);
			runOnlyForDeploymentPostprocessing = 0;
		};
		3062A32C2E75A23D00E9EC0B /* Resources */ = {
			isa = PBXResourcesBuildPhase;
			buildActionMask = 2147483647;
			files = (
			);
			runOnlyForDeploymentPostprocessing = 0;
		};
/* End PBXResourcesBuildPhase section */

/* Begin PBXSourcesBuildPhase section */
		3062A3112E75A23C00E9EC0B /* Sources */ = {
			isa = PBXSourcesBuildPhase;
			buildActionMask = 2147483647;
			files = (
			);
			runOnlyForDeploymentPostprocessing = 0;
		};
		3062A3202E75A23D00E9EC0B /* Sources */ = {
			isa = PBXSourcesBuildPhase;
			buildActionMask = 2147483647;
			files = (
			);
			runOnlyForDeploymentPostprocessing = 0;
		};
		3062A32A2E75A23D00E9EC0B /* Sources */ = {
			isa = PBXSourcesBuildPhase;
			buildActionMask = 2147483647;
			files = (
			);
			runOnlyForDeploymentPostprocessing = 0;
		};
/* End PBXSourcesBuildPhase section */

/* Begin PBXTargetDependency section */
		3062A3262E75A23D00E9EC0B /* PBXTargetDependency */ = {
			isa = PBXTargetDependency;
			target = 3062A3142E75A23C00E9EC0B /* SportApp */;
			targetProxy = 3062A3252E75A23D00E9EC0B /* PBXContainerItemProxy */;
		};
		3062A3302E75A23D00E9EC0B /* PBXTargetDependency */ = {
			isa = PBXTargetDependency;
			target = 3062A3142E75A23C00E9EC0B /* SportApp */;
			targetProxy = 3062A32F2E75A23D00E9EC0B /* PBXContainerItemProxy */;
		};
/* End PBXTargetDependency section */

/* Begin XCBuildConfiguration section */
		3062A3362E75A23D00E9EC0B /* Debug */ = {
			isa = XCBuildConfiguration;
			buildSettings = {
				ALWAYS_SEARCH_USER_PATHS = NO;
				ASSETCATALOG_COMPILER_GENERATE_SWIFT_ASSET_SYMBOL_EXTENSIONS = YES;
				CLANG_ANALYZER_NONNULL = YES;
				CLANG_ANALYZER_NUMBER_OBJECT_CONVERSION = YES_AGGRESSIVE;
				CLANG_CXX_LANGUAGE_STANDARD = "gnu++20";
				CLANG_ENABLE_MODULES = YES;
				CLANG_ENABLE_OBJC_ARC = YES;
				CLANG_ENABLE_OBJC_WEAK = YES;
				CLANG_WARN_BLOCK_CAPTURE_AUTORELEASING = YES;
				CLANG_WARN_BOOL_CONVERSION = YES;
				CLANG_WARN_COMMA = YES;
				CLANG_WARN_CONSTANT_CONVERSION = YES;
				CLANG_WARN_DEPRECATED_OBJC_IMPLEMENTATIONS = YES;
				CLANG_WARN_DIRECT_OBJC_ISA_USAGE = YES_ERROR;
				CLANG_WARN_DOCUMENTATION_COMMENTS = YES;
				CLANG_WARN_EMPTY_BODY = YES;
				CLANG_WARN_ENUM_CONVERSION = YES;
				CLANG_WARN_INFINITE_RECURSION = YES;
				CLANG_WARN_INT_CONVERSION = YES;
				CLANG_WARN_NON_LITERAL_NULL_CONVERSION = YES;
				CLANG_WARN_OBJC_IMPLICIT_RETAIN_SELF = YES;
				CLANG_WARN_OBJC_LITERAL_CONVERSION = YES;
				CLANG_WARN_OBJC_ROOT_CLASS = YES_ERROR;
				CLANG_WARN_QUOTED_INCLUDE_IN_FRAMEWORK_HEADER = YES;
				CLANG_WARN_RANGE_LOOP_ANALYSIS = YES;
				CLANG_WARN_STRICT_PROTOTYPES = YES;
				CLANG_WARN_SUSPICIOUS_MOVE = YES;
				CLANG_WARN_UNGUARDED_AVAILABILITY = YES_AGGRESSIVE;
				CLANG_WARN_UNREACHABLE_CODE = YES;
				CLANG_WARN__DUPLICATE_METHOD_MATCH = YES;
				COPY_PHASE_STRIP = NO;
				DEBUG_INFORMATION_FORMAT = dwarf;
				DEVELOPMENT_TEAM = 7R6MFKUCX6;
				ENABLE_STRICT_OBJC_MSGSEND = YES;
				ENABLE_TESTABILITY = YES;
				ENABLE_USER_SCRIPT_SANDBOXING = YES;
				GCC_C_LANGUAGE_STANDARD = gnu17;
				GCC_DYNAMIC_NO_PIC = NO;
				GCC_NO_COMMON_BLOCKS = YES;
				GCC_OPTIMIZATION_LEVEL = 0;
				GCC_PREPROCESSOR_DEFINITIONS = (
					"DEBUG=1",
					"$(inherited)",
				);
				GCC_WARN_64_TO_32_BIT_CONVERSION = YES;
				GCC_WARN_ABOUT_RETURN_TYPE = YES_ERROR;
				GCC_WARN_UNDECLARED_SELECTOR = YES;
				GCC_WARN_UNINITIALIZED_AUTOS = YES_AGGRESSIVE;
				GCC_WARN_UNUSED_FUNCTION = YES;
				GCC_WARN_UNUSED_VARIABLE = YES;
				IPHONEOS_DEPLOYMENT_TARGET = 18.5;
				LOCALIZATION_PREFERS_STRING_CATALOGS = YES;
				MTL_ENABLE_DEBUG_INFO = INCLUDE_SOURCE;
				MTL_FAST_MATH = YES;
				ONLY_ACTIVE_ARCH = YES;
				SDKROOT = iphoneos;
				SWIFT_ACTIVE_COMPILATION_CONDITIONS = "DEBUG $(inherited)";
				SWIFT_OPTIMIZATION_LEVEL = "-Onone";
			};
			name = Debug;
		};
		3062A3372E75A23D00E9EC0B /* Release */ = {
			isa = XCBuildConfiguration;
			buildSettings = {
				ALWAYS_SEARCH_USER_PATHS = NO;
				ASSETCATALOG_COMPILER_GENERATE_SWIFT_ASSET_SYMBOL_EXTENSIONS = YES;
				CLANG_ANALYZER_NONNULL = YES;
				CLANG_ANALYZER_NUMBER_OBJECT_CONVERSION = YES_AGGRESSIVE;
				CLANG_CXX_LANGUAGE_STANDARD = "gnu++20";
				CLANG_ENABLE_MODULES = YES;
				CLANG_ENABLE_OBJC_ARC = YES;
				CLANG_ENABLE_OBJC_WEAK = YES;
				CLANG_WARN_BLOCK_CAPTURE_AUTORELEASING = YES;
				CLANG_WARN_BOOL_CONVERSION = YES;
				CLANG_WARN_COMMA = YES;
				CLANG_WARN_CONSTANT_CONVERSION = YES;
				CLANG_WARN_DEPRECATED_OBJC_IMPLEMENTATIONS = YES;
				CLANG_WARN_DIRECT_OBJC_ISA_USAGE = YES_ERROR;
				CLANG_WARN_DOCUMENTATION_COMMENTS = YES;
				CLANG_WARN_EMPTY_BODY = YES;
				CLANG_WARN_ENUM_CONVERSION = YES;
				CLANG_WARN_INFINITE_RECURSION = YES;
				CLANG_WARN_INT_CONVERSION = YES;
				CLANG_WARN_NON_LITERAL_NULL_CONVERSION = YES;
				CLANG_WARN_OBJC_IMPLICIT_RETAIN_SELF = YES;
				CLANG_WARN_OBJC_LITERAL_CONVERSION = YES;
				CLANG_WARN_OBJC_ROOT_CLASS = YES_ERROR;
				CLANG_WARN_QUOTED_INCLUDE_IN_FRAMEWORK_HEADER = YES;
				CLANG_WARN_RANGE_LOOP_ANALYSIS = YES;
				CLANG_WARN_STRICT_PROTOTYPES = YES;
				CLANG_WARN_SUSPICIOUS_MOVE = YES;
				CLANG_WARN_UNGUARDED_AVAILABILITY = YES_AGGRESSIVE;
				CLANG_WARN_UNREACHABLE_CODE = YES;
				CLANG_WARN__DUPLICATE_METHOD_MATCH = YES;
				COPY_PHASE_STRIP = NO;
				DEBUG_INFORMATION_FORMAT = "dwarf-with-dsym";
				DEVELOPMENT_TEAM = 7R6MFKUCX6;
				ENABLE_NS_ASSERTIONS = NO;
				ENABLE_STRICT_OBJC_MSGSEND = YES;
				ENABLE_USER_SCRIPT_SANDBOXING = YES;
				GCC_C_LANGUAGE_STANDARD = gnu17;
				GCC_NO_COMMON_BLOCKS = YES;
				GCC_WARN_64_TO_32_BIT_CONVERSION = YES;
				GCC_WARN_ABOUT_RETURN_TYPE = YES_ERROR;
				GCC_WARN_UNDECLARED_SELECTOR = YES;
				GCC_WARN_UNINITIALIZED_AUTOS = YES_AGGRESSIVE;
				GCC_WARN_UNUSED_FUNCTION = YES;
				GCC_WARN_UNUSED_VARIABLE = YES;
				IPHONEOS_DEPLOYMENT_TARGET = 18.5;
				LOCALIZATION_PREFERS_STRING_CATALOGS = YES;
				MTL_ENABLE_DEBUG_INFO = NO;
				MTL_FAST_MATH = YES;
				SDKROOT = iphoneos;
				SWIFT_COMPILATION_MODE = wholemodule;
				VALIDATE_PRODUCT = YES;
			};
			name = Release;
		};
		3062A3392E75A23D00E9EC0B /* Debug */ = {
			isa = XCBuildConfiguration;
			buildSettings = {
				ASSETCATALOG_COMPILER_APPICON_NAME = AppIcon;
				ASSETCATALOG_COMPILER_GLOBAL_ACCENT_COLOR_NAME = AccentColor;
				CODE_SIGN_STYLE = Automatic;
				CURRENT_PROJECT_VERSION = 1;
				DEVELOPMENT_TEAM = 7R6MFKUCX6;
				ENABLE_PREVIEWS = YES;
				GENERATE_INFOPLIST_FILE = YES;
				INFOPLIST_KEY_UIApplicationSceneManifest_Generation = YES;
				INFOPLIST_KEY_UIApplicationSupportsIndirectInputEvents = YES;
				INFOPLIST_KEY_UILaunchScreen_Generation = YES;
				INFOPLIST_KEY_UISupportedInterfaceOrientations_iPad = "UIInterfaceOrientationPortrait UIInterfaceOrientationPortraitUpsideDown UIInterfaceOrientationLandscapeLeft UIInterfaceOrientationLandscapeRight";
				INFOPLIST_KEY_UISupportedInterfaceOrientations_iPhone = "UIInterfaceOrientationPortrait UIInterfaceOrientationLandscapeLeft UIInterfaceOrientationLandscapeRight";
				LD_RUNPATH_SEARCH_PATHS = (
					"$(inherited)",
					"@executable_path/Frameworks",
				);
				MARKETING_VERSION = 1.0;
				PRODUCT_BUNDLE_IDENTIFIER = romanholovai.SportApp;
				PRODUCT_NAME = "$(TARGET_NAME)";
				SWIFT_EMIT_LOC_STRINGS = YES;
				SWIFT_VERSION = 5.0;
				TARGETED_DEVICE_FAMILY = "1,2";
			};
			name = Debug;
		};
		3062A33A2E75A23D00E9EC0B /* Release */ = {
			isa = XCBuildConfiguration;
			buildSettings = {
				ASSETCATALOG_COMPILER_APPICON_NAME = AppIcon;
				ASSETCATALOG_COMPILER_GLOBAL_ACCENT_COLOR_NAME = AccentColor;
				CODE_SIGN_STYLE = Automatic;
				CURRENT_PROJECT_VERSION = 1;
				DEVELOPMENT_TEAM = 7R6MFKUCX6;
				ENABLE_PREVIEWS = YES;
				GENERATE_INFOPLIST_FILE = YES;
				INFOPLIST_KEY_UIApplicationSceneManifest_Generation = YES;
				INFOPLIST_KEY_UIApplicationSupportsIndirectInputEvents = YES;
				INFOPLIST_KEY_UILaunchScreen_Generation = YES;
				INFOPLIST_KEY_UISupportedInterfaceOrientations_iPad = "UIInterfaceOrientationPortrait UIInterfaceOrientationPortraitUpsideDown UIInterfaceOrientationLandscapeLeft UIInterfaceOrientationLandscapeRight";
				INFOPLIST_KEY_UISupportedInterfaceOrientations_iPhone = "UIInterfaceOrientationPortrait UIInterfaceOrientationLandscapeLeft UIInterfaceOrientationLandscapeRight";
				LD_RUNPATH_SEARCH_PATHS = (
					"$(inherited)",
					"@executable_path/Frameworks",
				);
				MARKETING_VERSION = 1.0;
				PRODUCT_BUNDLE_IDENTIFIER = romanholovai.SportApp;
				PRODUCT_NAME = "$(TARGET_NAME)";
				SWIFT_EMIT_LOC_STRINGS = YES;
				SWIFT_VERSION = 5.0;
				TARGETED_DEVICE_FAMILY = "1,2";
			};
			name = Release;
		};
		3062A33C2E75A23D00E9EC0B /* Debug */ = {
			isa = XCBuildConfiguration;
			buildSettings = {
				BUNDLE_LOADER = "$(TEST_HOST)";
				CODE_SIGN_STYLE = Automatic;
				CURRENT_PROJECT_VERSION = 1;
				DEVELOPMENT_TEAM = 7R6MFKUCX6;
				GENERATE_INFOPLIST_FILE = YES;
				IPHONEOS_DEPLOYMENT_TARGET = 18.5;
				MARKETING_VERSION = 1.0;
				PRODUCT_BUNDLE_IDENTIFIER = romanholovai.SportAppTests;
				PRODUCT_NAME = "$(TARGET_NAME)";
				SWIFT_EMIT_LOC_STRINGS = NO;
				SWIFT_VERSION = 5.0;
				TARGETED_DEVICE_FAMILY = "1,2";
				TEST_HOST = "$(BUILT_PRODUCTS_DIR)/SportApp.app/$(BUNDLE_EXECUTABLE_FOLDER_PATH)/SportApp";
			};
			name = Debug;
		};
		3062A33D2E75A23D00E9EC0B /* Release */ = {
			isa = XCBuildConfiguration;
			buildSettings = {
				BUNDLE_LOADER = "$(TEST_HOST)";
				CODE_SIGN_STYLE = Automatic;
				CURRENT_PROJECT_VERSION = 1;
				DEVELOPMENT_TEAM = 7R6MFKUCX6;
				GENERATE_INFOPLIST_FILE = YES;
				IPHONEOS_DEPLOYMENT_TARGET = 18.5;
				MARKETING_VERSION = 1.0;
				PRODUCT_BUNDLE_IDENTIFIER = romanholovai.SportAppTests;
				PRODUCT_NAME = "$(TARGET_NAME)";
				SWIFT_EMIT_LOC_STRINGS = NO;
				SWIFT_VERSION = 5.0;
				TARGETED_DEVICE_FAMILY = "1,2";
				TEST_HOST = "$(BUILT_PRODUCTS_DIR)/SportApp.app/$(BUNDLE_EXECUTABLE_FOLDER_PATH)/SportApp";
			};
			name = Release;
		};
		3062A33F2E75A23D00E9EC0B /* Debug */ = {
			isa = XCBuildConfiguration;
			buildSettings = {
				CODE_SIGN_STYLE = Automatic;
				CURRENT_PROJECT_VERSION = 1;
				DEVELOPMENT_TEAM = 7R6MFKUCX6;
				GENERATE_INFOPLIST_FILE = YES;
				MARKETING_VERSION = 1.0;
				PRODUCT_BUNDLE_IDENTIFIER = romanholovai.SportAppUITests;
				PRODUCT_NAME = "$(TARGET_NAME)";
				SWIFT_EMIT_LOC_STRINGS = NO;
				SWIFT_VERSION = 5.0;
				TARGETED_DEVICE_FAMILY = "1,2";
				TEST_TARGET_NAME = SportApp;
			};
			name = Debug;
		};
		3062A3402E75A23D00E9EC0B /* Release */ = {
			isa = XCBuildConfiguration;
			buildSettings = {
				CODE_SIGN_STYLE = Automatic;
				CURRENT_PROJECT_VERSION = 1;
				DEVELOPMENT_TEAM = 7R6MFKUCX6;
				GENERATE_INFOPLIST_FILE = YES;
				MARKETING_VERSION = 1.0;
				PRODUCT_BUNDLE_IDENTIFIER = romanholovai.SportAppUITests;
				PRODUCT_NAME = "$(TARGET_NAME)";
				SWIFT_EMIT_LOC_STRINGS = NO;
				SWIFT_VERSION = 5.0;
				TARGETED_DEVICE_FAMILY = "1,2";
				TEST_TARGET_NAME = SportApp;
			};
			name = Release;
		};
/* End XCBuildConfiguration section */

/* Begin XCConfigurationList section */
		3062A3102E75A23C00E9EC0B /* Build configuration list for PBXProject "SportApp" */ = {
			isa = XCConfigurationList;
			buildConfigurations = (
				3062A3362E75A23D00E9EC0B /* Debug */,
				3062A3372E75A23D00E9EC0B /* Release */,
			);
			defaultConfigurationIsVisible = 0;
			defaultConfigurationName = Release;
		};
		3062A3382E75A23D00E9EC0B /* Build configuration list for PBXNativeTarget "SportApp" */ = {
			isa = XCConfigurationList;
			buildConfigurations = (
				3062A3392E75A23D00E9EC0B /* Debug */,
				3062A33A2E75A23D00E9EC0B /* Release */,
			);
			defaultConfigurationIsVisible = 0;
			defaultConfigurationName = Release;
		};
		3062A33B2E75A23D00E9EC0B /* Build configuration list for PBXNativeTarget "SportAppTests" */ = {
			isa = XCConfigurationList;
			buildConfigurations = (
				3062A33C2E75A23D00E9EC0B /* Debug */,
				3062A33D2E75A23D00E9EC0B /* Release */,
			);
			defaultConfigurationIsVisible = 0;
			defaultConfigurationName = Release;
		};
		3062A33E2E75A23D00E9EC0B /* Build configuration list for PBXNativeTarget "SportAppUITests" */ = {
			isa = XCConfigurationList;
			buildConfigurations = (
				3062A33F2E75A23D00E9EC0B /* Debug */,
				3062A3402E75A23D00E9EC0B /* Release */,
			);
			defaultConfigurationIsVisible = 0;
			defaultConfigurationName = Release;
		};
/* End XCConfigurationList section */

/* Begin XCRemoteSwiftPackageReference section */
		3062A35F2E75A6EA00E9EC0B /* XCRemoteSwiftPackageReference "swift-composable-architecture" */ = {
			isa = XCRemoteSwiftPackageReference;
			repositoryURL = "https://github.com/pointfreeco/swift-composable-architecture";
			requirement = {
				kind = upToNextMajorVersion;
				minimumVersion = 1.22.2;
			};
		};
/* End XCRemoteSwiftPackageReference section */

/* Begin XCSwiftPackageProductDependency section */
		3062A3602E75A6EA00E9EC0B /* ComposableArchitecture */ = {
			isa = XCSwiftPackageProductDependency;
			package = 3062A35F2E75A6EA00E9EC0B /* XCRemoteSwiftPackageReference "swift-composable-architecture" */;
			productName = ComposableArchitecture;
		};
		307176DF2E7A141F008CE561 /* RemoteEventStore */ = {
			isa = XCSwiftPackageProductDependency;
			productName = RemoteEventStore;
		};
/* End XCSwiftPackageProductDependency section */
	};
	rootObject = 3062A30D2E75A23C00E9EC0B /* Project object */;
}
